
Microsoft Visual Studio Solution File, Format Version 12.00
# Visual Studio Version 17
VisualStudioVersion = 17.5.33530.505
MinimumVisualStudioVersion = 10.0.40219.1
Project("{2150E333-8FDC-42A3-9474-1A3956D46DE8}") = "src", "src", "{7AC4596B-F343-495E-A819-8EF5D2196720}"
EndProject
Project("{2150E333-8FDC-42A3-9474-1A3956D46DE8}") = "Api", "Api", "{62F06E04-F2F4-4E76-AFCA-4DAD68025108}"
EndProject
Project("{2150E333-8FDC-42A3-9474-1A3956D46DE8}") = "Shared", "Shared", "{5ECA8956-71FD-4E82-A6C2-035C843F94A7}"
EndProject
Project("{2150E333-8FDC-42A3-9474-1A3956D46DE8}") = "Core", "Core", "{BA7C0F5B-5317-41C5-9DDA-250549B21C4E}"
EndProject
Project("{2150E333-8FDC-42A3-9474-1A3956D46DE8}") = "Infrastructure", "Infrastructure", "{2438E9E7-F7C0-4EA1-ABDE-A482976733AC}"
EndProject
Project("{2150E333-8FDC-42A3-9474-1A3956D46DE8}") = "WebApi", "WebApi", "{53D40C66-EE39-4F6C-9794-A39E60422AE0}"
EndProject
Project("{9A19103F-16F7-4668-BE54-9A1E7A4F7556}") = "DynamicForm.Api.Application", "src\Api\Core\DynamicForm.Api.Application\DynamicForm.Api.Application.csproj", "{7DCEC292-6CA0-4244-AF92-65ADB75A35F7}"
EndProject
Project("{9A19103F-16F7-4668-BE54-9A1E7A4F7556}") = "DynamicForm.Api.Domain", "src\Api\Core\DynamicForm.Api.Domain\DynamicForm.Api.Domain.csproj", "{24BBF1E9-73C8-41AA-8570-B4D8B2F645DD}"
EndProject
Project("{9A19103F-16F7-4668-BE54-9A1E7A4F7556}") = "DynamicForm.Infrastructure.Persistance", "src\Api\Infrastructure\DynamicForm.Infrastructure.Persistance\DynamicForm.Infrastructure.Persistance.csproj", "{B3FE0401-797A-43D9-8F8B-C15BCD8E0413}"
EndProject
Project("{9A19103F-16F7-4668-BE54-9A1E7A4F7556}") = "DynamicForm.Infrastructure.Infrastructure", "src\Api\Infrastructure\DynamicForm.Infrastructure.Infrastructure\DynamicForm.Infrastructure.Infrastructure.csproj", "{0E43F152-A87E-4F92-9C4D-9A74B63B6B52}"
EndProject
Project("{9A19103F-16F7-4668-BE54-9A1E7A4F7556}") = "DynamicForm.Shared", "src\Shared\DynamicForm.Shared\DynamicForm.Shared.csproj", "{4FE5B639-0B00-48CE-95B1-437A93F3C03F}"
EndProject
Project("{9A19103F-16F7-4668-BE54-9A1E7A4F7556}") = "DynamicForm.Api.WebAPI", "src\Api\WebApi\DynamicForm.Api.WebAPI\DynamicForm.Api.WebAPI.csproj", "{547F0FE6-8FBC-4FB4-873B-CC54783E4C96}"
EndProject
Project("{2150E333-8FDC-42A3-9474-1A3956D46DE8}") = "Client", "Client", "{D8E3B26D-A295-4498-B614-9E20AC3EA532}"
EndProject
Project("{FAE04EC0-301F-11D3-BF4B-00C04F79EFBC}") = "DynamicForm.MVCWebApp", "src\Client\DynamicForm.MVCWebApp\DynamicForm.MVCWebApp.csproj", "{DFDAB886-1BF8-4F0F-AC01-4EA91740DD9C}"
EndProject
Global
	GlobalSection(SolutionConfigurationPlatforms) = preSolution
		Debug|Any CPU = Debug|Any CPU
		Release|Any CPU = Release|Any CPU
	EndGlobalSection
	GlobalSection(ProjectConfigurationPlatforms) = postSolution
		{7DCEC292-6CA0-4244-AF92-65ADB75A35F7}.Debug|Any CPU.ActiveCfg = Debug|Any CPU
		{7DCEC292-6CA0-4244-AF92-65ADB75A35F7}.Debug|Any CPU.Build.0 = Debug|Any CPU
		{7DCEC292-6CA0-4244-AF92-65ADB75A35F7}.Release|Any CPU.ActiveCfg = Release|Any CPU
		{7DCEC292-6CA0-4244-AF92-65ADB75A35F7}.Release|Any CPU.Build.0 = Release|Any CPU
		{24BBF1E9-73C8-41AA-8570-B4D8B2F645DD}.Debug|Any CPU.ActiveCfg = Debug|Any CPU
		{24BBF1E9-73C8-41AA-8570-B4D8B2F645DD}.Debug|Any CPU.Build.0 = Debug|Any CPU
		{24BBF1E9-73C8-41AA-8570-B4D8B2F645DD}.Release|Any CPU.ActiveCfg = Release|Any CPU
		{24BBF1E9-73C8-41AA-8570-B4D8B2F645DD}.Release|Any CPU.Build.0 = Release|Any CPU
		{B3FE0401-797A-43D9-8F8B-C15BCD8E0413}.Debug|Any CPU.ActiveCfg = Debug|Any CPU
		{B3FE0401-797A-43D9-8F8B-C15BCD8E0413}.Debug|Any CPU.Build.0 = Debug|Any CPU
		{B3FE0401-797A-43D9-8F8B-C15BCD8E0413}.Release|Any CPU.ActiveCfg = Release|Any CPU
		{B3FE0401-797A-43D9-8F8B-C15BCD8E0413}.Release|Any CPU.Build.0 = Release|Any CPU
		{0E43F152-A87E-4F92-9C4D-9A74B63B6B52}.Debug|Any CPU.ActiveCfg = Debug|Any CPU
		{0E43F152-A87E-4F92-9C4D-9A74B63B6B52}.Debug|Any CPU.Build.0 = Debug|Any CPU
		{0E43F152-A87E-4F92-9C4D-9A74B63B6B52}.Release|Any CPU.ActiveCfg = Release|Any CPU
		{0E43F152-A87E-4F92-9C4D-9A74B63B6B52}.Release|Any CPU.Build.0 = Release|Any CPU
		{4FE5B639-0B00-48CE-95B1-437A93F3C03F}.Debug|Any CPU.ActiveCfg = Debug|Any CPU
		{4FE5B639-0B00-48CE-95B1-437A93F3C03F}.Debug|Any CPU.Build.0 = Debug|Any CPU
		{4FE5B639-0B00-48CE-95B1-437A93F3C03F}.Release|Any CPU.ActiveCfg = Release|Any CPU
		{4FE5B639-0B00-48CE-95B1-437A93F3C03F}.Release|Any CPU.Build.0 = Release|Any CPU
		{547F0FE6-8FBC-4FB4-873B-CC54783E4C96}.Debug|Any CPU.ActiveCfg = Debug|Any CPU
		{547F0FE6-8FBC-4FB4-873B-CC54783E4C96}.Debug|Any CPU.Build.0 = Debug|Any CPU
		{547F0FE6-8FBC-4FB4-873B-CC54783E4C96}.Release|Any CPU.ActiveCfg = Release|Any CPU
		{547F0FE6-8FBC-4FB4-873B-CC54783E4C96}.Release|Any CPU.Build.0 = Release|Any CPU
		{DFDAB886-1BF8-4F0F-AC01-4EA91740DD9C}.Debug|Any CPU.ActiveCfg = Debug|Any CPU
		{DFDAB886-1BF8-4F0F-AC01-4EA91740DD9C}.Debug|Any CPU.Build.0 = Debug|Any CPU
		{DFDAB886-1BF8-4F0F-AC01-4EA91740DD9C}.Release|Any CPU.ActiveCfg = Release|Any CPU
		{DFDAB886-1BF8-4F0F-AC01-4EA91740DD9C}.Release|Any CPU.Build.0 = Release|Any CPU
	EndGlobalSection
	GlobalSection(SolutionProperties) = preSolution
		HideSolutionNode = FALSE
	EndGlobalSection
	GlobalSection(NestedProjects) = preSolution
		{62F06E04-F2F4-4E76-AFCA-4DAD68025108} = {7AC4596B-F343-495E-A819-8EF5D2196720}
		{5ECA8956-71FD-4E82-A6C2-035C843F94A7} = {7AC4596B-F343-495E-A819-8EF5D2196720}
		{BA7C0F5B-5317-41C5-9DDA-250549B21C4E} = {62F06E04-F2F4-4E76-AFCA-4DAD68025108}
		{2438E9E7-F7C0-4EA1-ABDE-A482976733AC} = {62F06E04-F2F4-4E76-AFCA-4DAD68025108}
		{53D40C66-EE39-4F6C-9794-A39E60422AE0} = {62F06E04-F2F4-4E76-AFCA-4DAD68025108}
		{7DCEC292-6CA0-4244-AF92-65ADB75A35F7} = {BA7C0F5B-5317-41C5-9DDA-250549B21C4E}
		{24BBF1E9-73C8-41AA-8570-B4D8B2F645DD} = {BA7C0F5B-5317-41C5-9DDA-250549B21C4E}
		{B3FE0401-797A-43D9-8F8B-C15BCD8E0413} = {2438E9E7-F7C0-4EA1-ABDE-A482976733AC}
		{0E43F152-A87E-4F92-9C4D-9A74B63B6B52} = {2438E9E7-F7C0-4EA1-ABDE-A482976733AC}
		{4FE5B639-0B00-48CE-95B1-437A93F3C03F} = {5ECA8956-71FD-4E82-A6C2-035C843F94A7}
		{547F0FE6-8FBC-4FB4-873B-CC54783E4C96} = {53D40C66-EE39-4F6C-9794-A39E60422AE0}
		{D8E3B26D-A295-4498-B614-9E20AC3EA532} = {7AC4596B-F343-495E-A819-8EF5D2196720}
		{DFDAB886-1BF8-4F0F-AC01-4EA91740DD9C} = {D8E3B26D-A295-4498-B614-9E20AC3EA532}
	EndGlobalSection
	GlobalSection(ExtensibilityGlobals) = postSolution
		SolutionGuid = {D1EEC0E3-CFD4-4545-8843-C1A5269CE8F4}
	EndGlobalSection
EndGlobal
